
Microsoft Visual Studio Solution File, Format Version 12.00
# Visual Studio Version 17
VisualStudioVersion = 17.6.33829.357
MinimumVisualStudioVersion = 10.0.40219.1
Project("{FAE04EC0-301F-11D3-BF4B-00C04F79EFBC}") = "hospital.web", "hospital\hospital.web.csproj", "{B2B8BB71-4735-4C7D-833E-E0323079D2FB}"
EndProject
Project("{FAE04EC0-301F-11D3-BF4B-00C04F79EFBC}") = "hospital.Domain", "hospital.Domain\hospital.Domain.csproj", "{381003C8-4189-4439-B9B9-81D7E819B3B9}"
EndProject
Global
	GlobalSection(SolutionConfigurationPlatforms) = preSolution
		Debug|Any CPU = Debug|Any CPU
		Release|Any CPU = Release|Any CPU
	EndGlobalSection
	GlobalSection(ProjectConfigurationPlatforms) = postSolution
		{B2B8BB71-4735-4C7D-833E-E0323079D2FB}.Debug|Any CPU.ActiveCfg = Debug|Any CPU
		{B2B8BB71-4735-4C7D-833E-E0323079D2FB}.Debug|Any CPU.Build.0 = Debug|Any CPU
		{B2B8BB71-4735-4C7D-833E-E0323079D2FB}.Release|Any CPU.ActiveCfg = Release|Any CPU
		{B2B8BB71-4735-4C7D-833E-E0323079D2FB}.Release|Any CPU.Build.0 = Release|Any CPU
		{381003C8-4189-4439-B9B9-81D7E819B3B9}.Debug|Any CPU.ActiveCfg = Debug|Any CPU
		{381003C8-4189-4439-B9B9-81D7E819B3B9}.Debug|Any CPU.Build.0 = Debug|Any CPU
		{381003C8-4189-4439-B9B9-81D7E819B3B9}.Release|Any CPU.ActiveCfg = Release|Any CPU
		{381003C8-4189-4439-B9B9-81D7E819B3B9}.Release|Any CPU.Build.0 = Release|Any CPU
	EndGlobalSection
	GlobalSection(SolutionProperties) = preSolution
		HideSolutionNode = FALSE
	EndGlobalSection
	GlobalSection(ExtensibilityGlobals) = postSolution
		SolutionGuid = {F2695CF4-FE75-497D-B04D-C35EF7B1482C}
	EndGlobalSection
EndGlobal
